
Microsoft Visual Studio Solution File, Format Version 12.00
# Visual Studio Version 16
VisualStudioVersion = 16.0.31729.503
MinimumVisualStudioVersion = 10.0.40219.1
Project("{9A19103F-16F7-4668-BE54-9A1E7A4F7556}") = "ASQ_AircraftTelemetry", "ASQ_AircraftTelemetry.csproj", "{D1FDDB69-D1F2-4C76-8F7D-5480BD4DA270}"
EndProject
Project("{2150E333-8FDC-42A3-9474-1A3956D46DE8}") = "Solution Items", "Solution Items", "{07D942AE-C814-4DCA-A836-8B8ECE481011}"
	ProjectSection(SolutionItems) = preProject
		..\Program.cs = ..\Program.cs
	EndProjectSection
EndProject
Global
	GlobalSection(SolutionConfigurationPlatforms) = preSolution
		Debug|Any CPU = Debug|Any CPU
		Release|Any CPU = Release|Any CPU
	EndGlobalSection
	GlobalSection(ProjectConfigurationPlatforms) = postSolution
		{D1FDDB69-D1F2-4C76-8F7D-5480BD4DA270}.Debug|Any CPU.ActiveCfg = Debug|Any CPU
		{D1FDDB69-D1F2-4C76-8F7D-5480BD4DA270}.Debug|Any CPU.Build.0 = Debug|Any CPU
		{D1FDDB69-D1F2-4C76-8F7D-5480BD4DA270}.Release|Any CPU.ActiveCfg = Release|Any CPU
		{D1FDDB69-D1F2-4C76-8F7D-5480BD4DA270}.Release|Any CPU.Build.0 = Release|Any CPU
	EndGlobalSection
	GlobalSection(SolutionProperties) = preSolution
		HideSolutionNode = FALSE
	EndGlobalSection
	GlobalSection(ExtensibilityGlobals) = postSolution
		SolutionGuid = {CCF61CF2-DCD6-4849-8555-2633B6EC8B85}
	EndGlobalSection
EndGlobal
